
Microsoft Visual Studio Solution File, Format Version 12.00
# Visual Studio Version 16
VisualStudioVersion = 16.0.31105.61
MinimumVisualStudioVersion = 10.0.40219.1
Project("{9A19103F-16F7-4668-BE54-9A1E7A4F7556}") = "WaterThePlant", "WaterThePlant\WaterThePlant.csproj", "{484FAA61-D936-4123-96B3-312E3AC57E79}"
EndProject
Project("{FAE04EC0-301F-11D3-BF4B-00C04F79EFBC}") = "WaterMyPlant.UWP", "Mob\WaterMyPlant\WaterMyPlant.UWP\WaterMyPlant.UWP.csproj", "{0726A8AA-FA7F-4BF5-8B1B-E6E4BCBAC9CB}"
EndProject
Project("{FAE04EC0-301F-11D3-BF4B-00C04F79EFBC}") = "WaterMyPlant.Android", "Mob\WaterMyPlant\WaterMyPlant.Android\WaterMyPlant.Android.csproj", "{45207371-AD60-467C-B16F-FE7C8C38FD1D}"
EndProject
Project("{FAE04EC0-301F-11D3-BF4B-00C04F79EFBC}") = "WaterMyPlant.iOS", "Mob\WaterMyPlant\WaterMyPlant.iOS\WaterMyPlant.iOS.csproj", "{98DB18E9-F4DE-4F1F-8522-40FEAE9ECADA}"
EndProject
Project("{9A19103F-16F7-4668-BE54-9A1E7A4F7556}") = "WaterMyPlant", "Mob\WaterMyPlant\WaterMyPlant\WaterMyPlant.csproj", "{6B6574AA-1C54-47AE-B10E-840960930D2A}"
EndProject
Global
	GlobalSection(SolutionConfigurationPlatforms) = preSolution
		Debug|Any CPU = Debug|Any CPU
		Debug|ARM = Debug|ARM
		Debug|iPhone = Debug|iPhone
		Debug|iPhoneSimulator = Debug|iPhoneSimulator
		Debug|x64 = Debug|x64
		Debug|x86 = Debug|x86
		Release|Any CPU = Release|Any CPU
		Release|ARM = Release|ARM
		Release|iPhone = Release|iPhone
		Release|iPhoneSimulator = Release|iPhoneSimulator
		Release|x64 = Release|x64
		Release|x86 = Release|x86
	EndGlobalSection
	GlobalSection(ProjectConfigurationPlatforms) = postSolution
		{484FAA61-D936-4123-96B3-312E3AC57E79}.Debug|Any CPU.ActiveCfg = Debug|Any CPU
		{484FAA61-D936-4123-96B3-312E3AC57E79}.Debug|Any CPU.Build.0 = Debug|Any CPU
		{484FAA61-D936-4123-96B3-312E3AC57E79}.Debug|ARM.ActiveCfg = Debug|Any CPU
		{484FAA61-D936-4123-96B3-312E3AC57E79}.Debug|ARM.Build.0 = Debug|Any CPU
		{484FAA61-D936-4123-96B3-312E3AC57E79}.Debug|iPhone.ActiveCfg = Debug|Any CPU
		{484FAA61-D936-4123-96B3-312E3AC57E79}.Debug|iPhone.Build.0 = Debug|Any CPU
		{484FAA61-D936-4123-96B3-312E3AC57E79}.Debug|iPhoneSimulator.ActiveCfg = Debug|Any CPU
		{484FAA61-D936-4123-96B3-312E3AC57E79}.Debug|iPhoneSimulator.Build.0 = Debug|Any CPU
		{484FAA61-D936-4123-96B3-312E3AC57E79}.Debug|x64.ActiveCfg = Debug|Any CPU
		{484FAA61-D936-4123-96B3-312E3AC57E79}.Debug|x64.Build.0 = Debug|Any CPU
		{484FAA61-D936-4123-96B3-312E3AC57E79}.Debug|x86.ActiveCfg = Debug|Any CPU
		{484FAA61-D936-4123-96B3-312E3AC57E79}.Debug|x86.Build.0 = Debug|Any CPU
		{484FAA61-D936-4123-96B3-312E3AC57E79}.Release|Any CPU.ActiveCfg = Release|Any CPU
		{484FAA61-D936-4123-96B3-312E3AC57E79}.Release|Any CPU.Build.0 = Release|Any CPU
		{484FAA61-D936-4123-96B3-312E3AC57E79}.Release|ARM.ActiveCfg = Release|Any CPU
		{484FAA61-D936-4123-96B3-312E3AC57E79}.Release|ARM.Build.0 = Release|Any CPU
		{484FAA61-D936-4123-96B3-312E3AC57E79}.Release|iPhone.ActiveCfg = Release|Any CPU
		{484FAA61-D936-4123-96B3-312E3AC57E79}.Release|iPhone.Build.0 = Release|Any CPU
		{484FAA61-D936-4123-96B3-312E3AC57E79}.Release|iPhoneSimulator.ActiveCfg = Release|Any CPU
		{484FAA61-D936-4123-96B3-312E3AC57E79}.Release|iPhoneSimulator.Build.0 = Release|Any CPU
		{484FAA61-D936-4123-96B3-312E3AC57E79}.Release|x64.ActiveCfg = Release|Any CPU
		{484FAA61-D936-4123-96B3-312E3AC57E79}.Release|x64.Build.0 = Release|Any CPU
		{484FAA61-D936-4123-96B3-312E3AC57E79}.Release|x86.ActiveCfg = Release|Any CPU
		{484FAA61-D936-4123-96B3-312E3AC57E79}.Release|x86.Build.0 = Release|Any CPU
		{0726A8AA-FA7F-4BF5-8B1B-E6E4BCBAC9CB}.Debug|Any CPU.ActiveCfg = Debug|x86
		{0726A8AA-FA7F-4BF5-8B1B-E6E4BCBAC9CB}.Debug|Any CPU.Build.0 = Debug|x86
		{0726A8AA-FA7F-4BF5-8B1B-E6E4BCBAC9CB}.Debug|Any CPU.Deploy.0 = Debug|x86
		{0726A8AA-FA7F-4BF5-8B1B-E6E4BCBAC9CB}.Debug|ARM.ActiveCfg = Debug|ARM
		{0726A8AA-FA7F-4BF5-8B1B-E6E4BCBAC9CB}.Debug|ARM.Build.0 = Debug|ARM
		{0726A8AA-FA7F-4BF5-8B1B-E6E4BCBAC9CB}.Debug|ARM.Deploy.0 = Debug|ARM
		{0726A8AA-FA7F-4BF5-8B1B-E6E4BCBAC9CB}.Debug|iPhone.ActiveCfg = Debug|x86
		{0726A8AA-FA7F-4BF5-8B1B-E6E4BCBAC9CB}.Debug|iPhone.Build.0 = Debug|x86
		{0726A8AA-FA7F-4BF5-8B1B-E6E4BCBAC9CB}.Debug|iPhone.Deploy.0 = Debug|x86
		{0726A8AA-FA7F-4BF5-8B1B-E6E4BCBAC9CB}.Debug|iPhoneSimulator.ActiveCfg = Debug|x86
		{0726A8AA-FA7F-4BF5-8B1B-E6E4BCBAC9CB}.Debug|x64.ActiveCfg = Debug|x64
		{0726A8AA-FA7F-4BF5-8B1B-E6E4BCBAC9CB}.Debug|x64.Build.0 = Debug|x64
		{0726A8AA-FA7F-4BF5-8B1B-E6E4BCBAC9CB}.Debug|x64.Deploy.0 = Debug|x64
		{0726A8AA-FA7F-4BF5-8B1B-E6E4BCBAC9CB}.Debug|x86.ActiveCfg = Debug|x86
		{0726A8AA-FA7F-4BF5-8B1B-E6E4BCBAC9CB}.Debug|x86.Build.0 = Debug|x86
		{0726A8AA-FA7F-4BF5-8B1B-E6E4BCBAC9CB}.Debug|x86.Deploy.0 = Debug|x86
		{0726A8AA-FA7F-4BF5-8B1B-E6E4BCBAC9CB}.Release|Any CPU.ActiveCfg = Release|x86
		{0726A8AA-FA7F-4BF5-8B1B-E6E4BCBAC9CB}.Release|Any CPU.Build.0 = Release|x86
		{0726A8AA-FA7F-4BF5-8B1B-E6E4BCBAC9CB}.Release|Any CPU.Deploy.0 = Release|x86
		{0726A8AA-FA7F-4BF5-8B1B-E6E4BCBAC9CB}.Release|ARM.ActiveCfg = Release|ARM
		{0726A8AA-FA7F-4BF5-8B1B-E6E4BCBAC9CB}.Release|ARM.Build.0 = Release|ARM
		{0726A8AA-FA7F-4BF5-8B1B-E6E4BCBAC9CB}.Release|ARM.Deploy.0 = Release|ARM
		{0726A8AA-FA7F-4BF5-8B1B-E6E4BCBAC9CB}.Release|iPhone.ActiveCfg = Release|x86
		{0726A8AA-FA7F-4BF5-8B1B-E6E4BCBAC9CB}.Release|iPhoneSimulator.ActiveCfg = Release|x86
		{0726A8AA-FA7F-4BF5-8B1B-E6E4BCBAC9CB}.Release|x64.ActiveCfg = Release|x64
		{0726A8AA-FA7F-4BF5-8B1B-E6E4BCBAC9CB}.Release|x64.Build.0 = Release|x64
		{0726A8AA-FA7F-4BF5-8B1B-E6E4BCBAC9CB}.Release|x64.Deploy.0 = Release|x64
		{0726A8AA-FA7F-4BF5-8B1B-E6E4BCBAC9CB}.Release|x86.ActiveCfg = Release|x86
		{0726A8AA-FA7F-4BF5-8B1B-E6E4BCBAC9CB}.Release|x86.Build.0 = Release|x86
		{0726A8AA-FA7F-4BF5-8B1B-E6E4BCBAC9CB}.Release|x86.Deploy.0 = Release|x86
		{45207371-AD60-467C-B16F-FE7C8C38FD1D}.Debug|Any CPU.ActiveCfg = Debug|Any CPU
		{45207371-AD60-467C-B16F-FE7C8C38FD1D}.Debug|Any CPU.Build.0 = Debug|Any CPU
		{45207371-AD60-467C-B16F-FE7C8C38FD1D}.Debug|Any CPU.Deploy.0 = Debug|Any CPU
		{45207371-AD60-467C-B16F-FE7C8C38FD1D}.Debug|ARM.ActiveCfg = Debug|Any CPU
		{45207371-AD60-467C-B16F-FE7C8C38FD1D}.Debug|ARM.Build.0 = Debug|Any CPU
		{45207371-AD60-467C-B16F-FE7C8C38FD1D}.Debug|ARM.Deploy.0 = Debug|Any CPU
		{45207371-AD60-467C-B16F-FE7C8C38FD1D}.Debug|iPhone.ActiveCfg = Debug|Any CPU
		{45207371-AD60-467C-B16F-FE7C8C38FD1D}.Debug|iPhone.Build.0 = Debug|Any CPU
		{45207371-AD60-467C-B16F-FE7C8C38FD1D}.Debug|iPhone.Deploy.0 = Debug|Any CPU
		{45207371-AD60-467C-B16F-FE7C8C38FD1D}.Debug|iPhoneSimulator.ActiveCfg = Debug|Any CPU
		{45207371-AD60-467C-B16F-FE7C8C38FD1D}.Debug|iPhoneSimulator.Build.0 = Debug|Any CPU
		{45207371-AD60-467C-B16F-FE7C8C38FD1D}.Debug|iPhoneSimulator.Deploy.0 = Debug|Any CPU
		{45207371-AD60-467C-B16F-FE7C8C38FD1D}.Debug|x64.ActiveCfg = Debug|Any CPU
		{45207371-AD60-467C-B16F-FE7C8C38FD1D}.Debug|x64.Build.0 = Debug|Any CPU
		{45207371-AD60-467C-B16F-FE7C8C38FD1D}.Debug|x64.Deploy.0 = Debug|Any CPU
		{45207371-AD60-467C-B16F-FE7C8C38FD1D}.Debug|x86.ActiveCfg = Debug|Any CPU
		{45207371-AD60-467C-B16F-FE7C8C38FD1D}.Debug|x86.Build.0 = Debug|Any CPU
		{45207371-AD60-467C-B16F-FE7C8C38FD1D}.Debug|x86.Deploy.0 = Debug|Any CPU
		{45207371-AD60-467C-B16F-FE7C8C38FD1D}.Release|Any CPU.ActiveCfg = Release|Any CPU
		{45207371-AD60-467C-B16F-FE7C8C38FD1D}.Release|Any CPU.Build.0 = Release|Any CPU
		{45207371-AD60-467C-B16F-FE7C8C38FD1D}.Release|Any CPU.Deploy.0 = Release|Any CPU
		{45207371-AD60-467C-B16F-FE7C8C38FD1D}.Release|ARM.ActiveCfg = Release|Any CPU
		{45207371-AD60-467C-B16F-FE7C8C38FD1D}.Release|ARM.Build.0 = Release|Any CPU
		{45207371-AD60-467C-B16F-FE7C8C38FD1D}.Release|ARM.Deploy.0 = Release|Any CPU
		{45207371-AD60-467C-B16F-FE7C8C38FD1D}.Release|iPhone.ActiveCfg = Release|Any CPU
		{45207371-AD60-467C-B16F-FE7C8C38FD1D}.Release|iPhone.Build.0 = Release|Any CPU
		{45207371-AD60-467C-B16F-FE7C8C38FD1D}.Release|iPhone.Deploy.0 = Release|Any CPU
		{45207371-AD60-467C-B16F-FE7C8C38FD1D}.Release|iPhoneSimulator.ActiveCfg = Release|Any CPU
		{45207371-AD60-467C-B16F-FE7C8C38FD1D}.Release|iPhoneSimulator.Build.0 = Release|Any CPU
		{45207371-AD60-467C-B16F-FE7C8C38FD1D}.Release|iPhoneSimulator.Deploy.0 = Release|Any CPU
		{45207371-AD60-467C-B16F-FE7C8C38FD1D}.Release|x64.ActiveCfg = Release|Any CPU
		{45207371-AD60-467C-B16F-FE7C8C38FD1D}.Release|x64.Build.0 = Release|Any CPU
		{45207371-AD60-467C-B16F-FE7C8C38FD1D}.Release|x64.Deploy.0 = Release|Any CPU
		{45207371-AD60-467C-B16F-FE7C8C38FD1D}.Release|x86.ActiveCfg = Release|Any CPU
		{45207371-AD60-467C-B16F-FE7C8C38FD1D}.Release|x86.Build.0 = Release|Any CPU
		{45207371-AD60-467C-B16F-FE7C8C38FD1D}.Release|x86.Deploy.0 = Release|Any CPU
		{98DB18E9-F4DE-4F1F-8522-40FEAE9ECADA}.Debug|Any CPU.ActiveCfg = Debug|iPhoneSimulator
		{98DB18E9-F4DE-4F1F-8522-40FEAE9ECADA}.Debug|Any CPU.Build.0 = Debug|iPhoneSimulator
		{98DB18E9-F4DE-4F1F-8522-40FEAE9ECADA}.Debug|ARM.ActiveCfg = Debug|iPhoneSimulator
		{98DB18E9-F4DE-4F1F-8522-40FEAE9ECADA}.Debug|iPhone.ActiveCfg = Debug|iPhone
		{98DB18E9-F4DE-4F1F-8522-40FEAE9ECADA}.Debug|iPhone.Build.0 = Debug|iPhone
		{98DB18E9-F4DE-4F1F-8522-40FEAE9ECADA}.Debug|iPhoneSimulator.ActiveCfg = Debug|iPhoneSimulator
		{98DB18E9-F4DE-4F1F-8522-40FEAE9ECADA}.Debug|iPhoneSimulator.Build.0 = Debug|iPhoneSimulator
		{98DB18E9-F4DE-4F1F-8522-40FEAE9ECADA}.Debug|x64.ActiveCfg = Debug|iPhoneSimulator
		{98DB18E9-F4DE-4F1F-8522-40FEAE9ECADA}.Debug|x86.ActiveCfg = Debug|iPhoneSimulator
		{98DB18E9-F4DE-4F1F-8522-40FEAE9ECADA}.Release|Any CPU.ActiveCfg = Release|iPhoneSimulator
		{98DB18E9-F4DE-4F1F-8522-40FEAE9ECADA}.Release|Any CPU.Build.0 = Release|iPhoneSimulator
		{98DB18E9-F4DE-4F1F-8522-40FEAE9ECADA}.Release|ARM.ActiveCfg = Release|iPhoneSimulator
		{98DB18E9-F4DE-4F1F-8522-40FEAE9ECADA}.Release|iPhone.ActiveCfg = Release|iPhone
		{98DB18E9-F4DE-4F1F-8522-40FEAE9ECADA}.Release|iPhone.Build.0 = Release|iPhone
		{98DB18E9-F4DE-4F1F-8522-40FEAE9ECADA}.Release|iPhoneSimulator.ActiveCfg = Release|iPhoneSimulator
		{98DB18E9-F4DE-4F1F-8522-40FEAE9ECADA}.Release|iPhoneSimulator.Build.0 = Release|iPhoneSimulator
		{98DB18E9-F4DE-4F1F-8522-40FEAE9ECADA}.Release|x64.ActiveCfg = Release|iPhoneSimulator
		{98DB18E9-F4DE-4F1F-8522-40FEAE9ECADA}.Release|x86.ActiveCfg = Release|iPhoneSimulator
		{6B6574AA-1C54-47AE-B10E-840960930D2A}.Debug|Any CPU.ActiveCfg = Debug|Any CPU
		{6B6574AA-1C54-47AE-B10E-840960930D2A}.Debug|Any CPU.Build.0 = Debug|Any CPU
		{6B6574AA-1C54-47AE-B10E-840960930D2A}.Debug|ARM.ActiveCfg = Debug|Any CPU
		{6B6574AA-1C54-47AE-B10E-840960930D2A}.Debug|ARM.Build.0 = Debug|Any CPU
		{6B6574AA-1C54-47AE-B10E-840960930D2A}.Debug|iPhone.ActiveCfg = Debug|Any CPU
		{6B6574AA-1C54-47AE-B10E-840960930D2A}.Debug|iPhone.Build.0 = Debug|Any CPU
		{6B6574AA-1C54-47AE-B10E-840960930D2A}.Debug|iPhoneSimulator.ActiveCfg = Debug|Any CPU
		{6B6574AA-1C54-47AE-B10E-840960930D2A}.Debug|iPhoneSimulator.Build.0 = Debug|Any CPU
		{6B6574AA-1C54-47AE-B10E-840960930D2A}.Debug|x64.ActiveCfg = Debug|Any CPU
		{6B6574AA-1C54-47AE-B10E-840960930D2A}.Debug|x64.Build.0 = Debug|Any CPU
		{6B6574AA-1C54-47AE-B10E-840960930D2A}.Debug|x86.ActiveCfg = Debug|Any CPU
		{6B6574AA-1C54-47AE-B10E-840960930D2A}.Debug|x86.Build.0 = Debug|Any CPU
		{6B6574AA-1C54-47AE-B10E-840960930D2A}.Release|Any CPU.ActiveCfg = Release|Any CPU
		{6B6574AA-1C54-47AE-B10E-840960930D2A}.Release|Any CPU.Build.0 = Release|Any CPU
		{6B6574AA-1C54-47AE-B10E-840960930D2A}.Release|ARM.ActiveCfg = Release|Any CPU
		{6B6574AA-1C54-47AE-B10E-840960930D2A}.Release|ARM.Build.0 = Release|Any CPU
		{6B6574AA-1C54-47AE-B10E-840960930D2A}.Release|iPhone.ActiveCfg = Release|Any CPU
		{6B6574AA-1C54-47AE-B10E-840960930D2A}.Release|iPhone.Build.0 = Release|Any CPU
		{6B6574AA-1C54-47AE-B10E-840960930D2A}.Release|iPhoneSimulator.ActiveCfg = Release|Any CPU
		{6B6574AA-1C54-47AE-B10E-840960930D2A}.Release|iPhoneSimulator.Build.0 = Release|Any CPU
		{6B6574AA-1C54-47AE-B10E-840960930D2A}.Release|x64.ActiveCfg = Release|Any CPU
		{6B6574AA-1C54-47AE-B10E-840960930D2A}.Release|x64.Build.0 = Release|Any CPU
		{6B6574AA-1C54-47AE-B10E-840960930D2A}.Release|x86.ActiveCfg = Release|Any CPU
		{6B6574AA-1C54-47AE-B10E-840960930D2A}.Release|x86.Build.0 = Release|Any CPU
	EndGlobalSection
	GlobalSection(SolutionProperties) = preSolution
		HideSolutionNode = FALSE
	EndGlobalSection
	GlobalSection(ExtensibilityGlobals) = postSolution
		SolutionGuid = {05F8A791-6036-4B1F-A041-5DBBFF6AF866}
	EndGlobalSection
EndGlobal
